
Microsoft Visual Studio Solution File, Format Version 12.00
# Visual Studio Version 16
VisualStudioVersion = 16.0.29001.49
MinimumVisualStudioVersion = 10.0.40219.1
Project("{FAE04EC0-301F-11D3-BF4B-00C04F79EFBC}") = "practicacontructores", "practicacontructores\practicacontructores.csproj", "{787F42E5-4171-4718-B720-66EA9C23E4DC}"
EndProject
Global
	GlobalSection(SolutionConfigurationPlatforms) = preSolution
		Debug|Any CPU = Debug|Any CPU
		Release|Any CPU = Release|Any CPU
	EndGlobalSection
	GlobalSection(ProjectConfigurationPlatforms) = postSolution
		{787F42E5-4171-4718-B720-66EA9C23E4DC}.Debug|Any CPU.ActiveCfg = Debug|Any CPU
		{787F42E5-4171-4718-B720-66EA9C23E4DC}.Debug|Any CPU.Build.0 = Debug|Any CPU
		{787F42E5-4171-4718-B720-66EA9C23E4DC}.Release|Any CPU.ActiveCfg = Release|Any CPU
		{787F42E5-4171-4718-B720-66EA9C23E4DC}.Release|Any CPU.Build.0 = Release|Any CPU
	EndGlobalSection
	GlobalSection(SolutionProperties) = preSolution
		HideSolutionNode = FALSE
	EndGlobalSection
	GlobalSection(ExtensibilityGlobals) = postSolution
		SolutionGuid = {8433805B-FB96-4C50-97BE-5190FA6BF78B}
	EndGlobalSection
EndGlobal
